
Microsoft Visual Studio Solution File, Format Version 12.00
# Visual Studio Version 17
VisualStudioVersion = 17.0.31903.59
MinimumVisualStudioVersion = 10.0.40219.1
Project("{FAE04EC0-301F-11D3-BF4B-00C04F79EFBC}") = "Oxit.Core", "Oxit.Core\Oxit.Core.csproj", "{56BCD026-9380-45BC-9C60-42ED927D9DA2}"
EndProject
Global
	GlobalSection(SolutionConfigurationPlatforms) = preSolution
		Debug|Any CPU = Debug|Any CPU
		Release|Any CPU = Release|Any CPU
	EndGlobalSection
	GlobalSection(ProjectConfigurationPlatforms) = postSolution
		{56BCD026-9380-45BC-9C60-42ED927D9DA2}.Debug|Any CPU.ActiveCfg = Debug|Any CPU
		{56BCD026-9380-45BC-9C60-42ED927D9DA2}.Debug|Any CPU.Build.0 = Debug|Any CPU
		{56BCD026-9380-45BC-9C60-42ED927D9DA2}.Release|Any CPU.ActiveCfg = Release|Any CPU
		{56BCD026-9380-45BC-9C60-42ED927D9DA2}.Release|Any CPU.Build.0 = Release|Any CPU
	EndGlobalSection
	GlobalSection(SolutionProperties) = preSolution
		HideSolutionNode = FALSE
	EndGlobalSection
	GlobalSection(ExtensibilityGlobals) = postSolution
		SolutionGuid = {6174F6B6-9673-4500-94A3-D69FD683F536}
	EndGlobalSection
EndGlobal
